
Microsoft Visual Studio Solution File, Format Version 12.00
# Visual Studio Version 16
VisualStudioVersion = 16.0.29230.47
MinimumVisualStudioVersion = 10.0.40219.1
Project("{FAE04EC0-301F-11D3-BF4B-00C04F79EFBC}") = "ShoesFactory.BL", "ShoesFactory.BL\ShoesFactory.BL.csproj", "{EA21A483-F045-43BD-840A-E7137095FF14}"
	ProjectSection(ProjectDependencies) = postProject
		{3772FA5A-AC7C-4ECA-B0F4-D2D2A0C5153C} = {3772FA5A-AC7C-4ECA-B0F4-D2D2A0C5153C}
	EndProjectSection
EndProject
Project("{FAE04EC0-301F-11D3-BF4B-00C04F79EFBC}") = "ShoesFactory.DAL", "ShoesFactory.DL\ShoesFactory.DAL.csproj", "{3772FA5A-AC7C-4ECA-B0F4-D2D2A0C5153C}"
EndProject
Project("{FAE04EC0-301F-11D3-BF4B-00C04F79EFBC}") = "ShoesFactory.WEB", "ShoesFactory.WEB\ShoesFactory.WEB.csproj", "{A471A19E-0198-413E-A50D-41C12C03E8A1}"
	ProjectSection(ProjectDependencies) = postProject
		{3772FA5A-AC7C-4ECA-B0F4-D2D2A0C5153C} = {3772FA5A-AC7C-4ECA-B0F4-D2D2A0C5153C}
		{EA21A483-F045-43BD-840A-E7137095FF14} = {EA21A483-F045-43BD-840A-E7137095FF14}
	EndProjectSection
EndProject
Global
	GlobalSection(SolutionConfigurationPlatforms) = preSolution
		Debug|Any CPU = Debug|Any CPU
		Release|Any CPU = Release|Any CPU
	EndGlobalSection
	GlobalSection(ProjectConfigurationPlatforms) = postSolution
		{EA21A483-F045-43BD-840A-E7137095FF14}.Debug|Any CPU.ActiveCfg = Debug|Any CPU
		{EA21A483-F045-43BD-840A-E7137095FF14}.Debug|Any CPU.Build.0 = Debug|Any CPU
		{EA21A483-F045-43BD-840A-E7137095FF14}.Release|Any CPU.ActiveCfg = Release|Any CPU
		{EA21A483-F045-43BD-840A-E7137095FF14}.Release|Any CPU.Build.0 = Release|Any CPU
		{3772FA5A-AC7C-4ECA-B0F4-D2D2A0C5153C}.Debug|Any CPU.ActiveCfg = Debug|Any CPU
		{3772FA5A-AC7C-4ECA-B0F4-D2D2A0C5153C}.Debug|Any CPU.Build.0 = Debug|Any CPU
		{3772FA5A-AC7C-4ECA-B0F4-D2D2A0C5153C}.Release|Any CPU.ActiveCfg = Release|Any CPU
		{3772FA5A-AC7C-4ECA-B0F4-D2D2A0C5153C}.Release|Any CPU.Build.0 = Release|Any CPU
		{A471A19E-0198-413E-A50D-41C12C03E8A1}.Debug|Any CPU.ActiveCfg = Debug|Any CPU
		{A471A19E-0198-413E-A50D-41C12C03E8A1}.Debug|Any CPU.Build.0 = Debug|Any CPU
		{A471A19E-0198-413E-A50D-41C12C03E8A1}.Release|Any CPU.ActiveCfg = Release|Any CPU
		{A471A19E-0198-413E-A50D-41C12C03E8A1}.Release|Any CPU.Build.0 = Release|Any CPU
	EndGlobalSection
	GlobalSection(SolutionProperties) = preSolution
		HideSolutionNode = FALSE
	EndGlobalSection
	GlobalSection(ExtensibilityGlobals) = postSolution
		SolutionGuid = {AAF48F73-6ACE-45E1-896A-12368532C27A}
	EndGlobalSection
EndGlobal
